// !$*UTF8*$!
{
	archiveVersion = 1;
	classes = {
	};
	objectVersion = 56;
	objects = {

/* Begin PBXBuildFile section */
		755BA44A2A250AF400AA3759 /* AppDelegate.swift in Sources */ = {isa = PBXBuildFile; fileRef = 755BA4492A250AF400AA3759 /* AppDelegate.swift */; };
		755BA4532A250AF500AA3759 /* Assets.xcassets in Resources */ = {isa = PBXBuildFile; fileRef = 755BA4522A250AF500AA3759 /* Assets.xcassets */; };
		755BA4562A250AF500AA3759 /* LaunchScreen.storyboard in Resources */ = {isa = PBXBuildFile; fileRef = 755BA4542A250AF500AA3759 /* LaunchScreen.storyboard */; };
		755BA4612A250AF500AA3759 /* IOSCalculatorTests.swift in Sources */ = {isa = PBXBuildFile; fileRef = 755BA4602A250AF500AA3759 /* IOSCalculatorTests.swift */; };
		755BA46B2A250AF500AA3759 /* IOSCalculatorUITests.swift in Sources */ = {isa = PBXBuildFile; fileRef = 755BA46A2A250AF500AA3759 /* IOSCalculatorUITests.swift */; };
		755BA46D2A250AF500AA3759 /* IOSCalculatorUITestsLaunchTests.swift in Sources */ = {isa = PBXBuildFile; fileRef = 755BA46C2A250AF500AA3759 /* IOSCalculatorUITestsLaunchTests.swift */; };
		755BA4BF2A251B7B00AA3759 /* HomeViewController.swift in Sources */ = {isa = PBXBuildFile; fileRef = 755BA4BD2A251B7B00AA3759 /* HomeViewController.swift */; };
		755BA4C02A251B7B00AA3759 /* HomeViewController.xib in Resources */ = {isa = PBXBuildFile; fileRef = 755BA4BE2A251B7B00AA3759 /* HomeViewController.xib */; };
		75C219E82A25FC4800EC712F /* UIButtonExtension.swift in Sources */ = {isa = PBXBuildFile; fileRef = 75C219E72A25FC4800EC712F /* UIButtonExtension.swift */; };
/* End PBXBuildFile section */

/* Begin PBXContainerItemProxy section */
		755BA45D2A250AF500AA3759 /* PBXContainerItemProxy */ = {
			isa = PBXContainerItemProxy;
			containerPortal = 755BA43E2A250AF400AA3759 /* Project object */;
			proxyType = 1;
			remoteGlobalIDString = 755BA4452A250AF400AA3759;
			remoteInfo = IOSCalculator;
		};
		755BA4672A250AF500AA3759 /* PBXContainerItemProxy */ = {
			isa = PBXContainerItemProxy;
			containerPortal = 755BA43E2A250AF400AA3759 /* Project object */;
			proxyType = 1;
			remoteGlobalIDString = 755BA4452A250AF400AA3759;
			remoteInfo = IOSCalculator;
		};
/* End PBXContainerItemProxy section */

/* Begin PBXFileReference section */
		755BA4462A250AF400AA3759 /* IOSCalculator.app */ = {isa = PBXFileReference; explicitFileType = wrapper.application; includeInIndex = 0; path = IOSCalculator.app; sourceTree = BUILT_PRODUCTS_DIR; };
		755BA4492A250AF400AA3759 /* AppDelegate.swift */ = {isa = PBXFileReference; lastKnownFileType = sourcecode.swift; path = AppDelegate.swift; sourceTree = "<group>"; };
		755BA4522A250AF500AA3759 /* Assets.xcassets */ = {isa = PBXFileReference; lastKnownFileType = folder.assetcatalog; path = Assets.xcassets; sourceTree = "<group>"; };
		755BA4552A250AF500AA3759 /* Base */ = {isa = PBXFileReference; lastKnownFileType = file.storyboard; name = Base; path = Base.lproj/LaunchScreen.storyboard; sourceTree = "<group>"; };
		755BA4572A250AF500AA3759 /* Info.plist */ = {isa = PBXFileReference; lastKnownFileType = text.plist.xml; path = Info.plist; sourceTree = "<group>"; };
		755BA45C2A250AF500AA3759 /* IOSCalculatorTests.xctest */ = {isa = PBXFileReference; explicitFileType = wrapper.cfbundle; includeInIndex = 0; path = IOSCalculatorTests.xctest; sourceTree = BUILT_PRODUCTS_DIR; };
		755BA4602A250AF500AA3759 /* IOSCalculatorTests.swift */ = {isa = PBXFileReference; lastKnownFileType = sourcecode.swift; path = IOSCalculatorTests.swift; sourceTree = "<group>"; };
		755BA4662A250AF500AA3759 /* IOSCalculatorUITests.xctest */ = {isa = PBXFileReference; explicitFileType = wrapper.cfbundle; includeInIndex = 0; path = IOSCalculatorUITests.xctest; sourceTree = BUILT_PRODUCTS_DIR; };
		755BA46A2A250AF500AA3759 /* IOSCalculatorUITests.swift */ = {isa = PBXFileReference; lastKnownFileType = sourcecode.swift; path = IOSCalculatorUITests.swift; sourceTree = "<group>"; };
		755BA46C2A250AF500AA3759 /* IOSCalculatorUITestsLaunchTests.swift */ = {isa = PBXFileReference; lastKnownFileType = sourcecode.swift; path = IOSCalculatorUITestsLaunchTests.swift; sourceTree = "<group>"; };
		755BA4BD2A251B7B00AA3759 /* HomeViewController.swift */ = {isa = PBXFileReference; lastKnownFileType = sourcecode.swift; path = HomeViewController.swift; sourceTree = "<group>"; };
		755BA4BE2A251B7B00AA3759 /* HomeViewController.xib */ = {isa = PBXFileReference; lastKnownFileType = file.xib; path = HomeViewController.xib; sourceTree = "<group>"; };
		75C219E72A25FC4800EC712F /* UIButtonExtension.swift */ = {isa = PBXFileReference; lastKnownFileType = sourcecode.swift; path = UIButtonExtension.swift; sourceTree = "<group>"; };
/* End PBXFileReference section */

/* Begin PBXFrameworksBuildPhase section */
		755BA4432A250AF400AA3759 /* Frameworks */ = {
			isa = PBXFrameworksBuildPhase;
			buildActionMask = 2147483647;
			files = (
			);
			runOnlyForDeploymentPostprocessing = 0;
		};
		755BA4592A250AF500AA3759 /* Frameworks */ = {
			isa = PBXFrameworksBuildPhase;
			buildActionMask = 2147483647;
			files = (
			);
			runOnlyForDeploymentPostprocessing = 0;
		};
		755BA4632A250AF500AA3759 /* Frameworks */ = {
			isa = PBXFrameworksBuildPhase;
			buildActionMask = 2147483647;
			files = (
			);
			runOnlyForDeploymentPostprocessing = 0;
		};
/* End PBXFrameworksBuildPhase section */

/* Begin PBXGroup section */
		755BA43D2A250AF400AA3759 = {
			isa = PBXGroup;
			children = (
				755BA4492A250AF400AA3759 /* AppDelegate.swift */,
				755BA4B92A251A3500AA3759 /* Util */,
				755BA4B82A251A2E00AA3759 /* View */,
				755BA4B72A251A2700AA3759 /* Controller */,
				755BA4B62A251A1D00AA3759 /* Model */,
				755BA4482A250AF400AA3759 /* IOSCalculator */,
				755BA45F2A250AF500AA3759 /* IOSCalculatorTests */,
				755BA4692A250AF500AA3759 /* IOSCalculatorUITests */,
				755BA4472A250AF400AA3759 /* Products */,
			);
			sourceTree = "<group>";
		};
		755BA4472A250AF400AA3759 /* Products */ = {
			isa = PBXGroup;
			children = (
				755BA4462A250AF400AA3759 /* IOSCalculator.app */,
				755BA45C2A250AF500AA3759 /* IOSCalculatorTests.xctest */,
				755BA4662A250AF500AA3759 /* IOSCalculatorUITests.xctest */,
			);
			name = Products;
			sourceTree = "<group>";
		};
		755BA4482A250AF400AA3759 /* IOSCalculator */ = {
			isa = PBXGroup;
			children = (
				755BA4792A25134900AA3759 /* Supporting Files */,
				755BA4522A250AF500AA3759 /* Assets.xcassets */,
			);
			path = IOSCalculator;
			sourceTree = "<group>";
		};
		755BA45F2A250AF500AA3759 /* IOSCalculatorTests */ = {
			isa = PBXGroup;
			children = (
				755BA4602A250AF500AA3759 /* IOSCalculatorTests.swift */,
			);
			path = IOSCalculatorTests;
			sourceTree = "<group>";
		};
		755BA4692A250AF500AA3759 /* IOSCalculatorUITests */ = {
			isa = PBXGroup;
			children = (
				755BA46A2A250AF500AA3759 /* IOSCalculatorUITests.swift */,
				755BA46C2A250AF500AA3759 /* IOSCalculatorUITestsLaunchTests.swift */,
			);
			path = IOSCalculatorUITests;
			sourceTree = "<group>";
		};
		755BA4792A25134900AA3759 /* Supporting Files */ = {
			isa = PBXGroup;
			children = (
				755BA4572A250AF500AA3759 /* Info.plist */,
			);
			path = "Supporting Files";
			sourceTree = "<group>";
		};
		755BA4B62A251A1D00AA3759 /* Model */ = {
			isa = PBXGroup;
			children = (
			);
			path = Model;
			sourceTree = "<group>";
		};
		755BA4B72A251A2700AA3759 /* Controller */ = {
			isa = PBXGroup;
			children = (
				755BA4BC2A251B5100AA3759 /* Home */,
			);
			path = Controller;
			sourceTree = "<group>";
		};
		755BA4B82A251A2E00AA3759 /* View */ = {
			isa = PBXGroup;
			children = (
				755BA4BA2A251A5C00AA3759 /* Launch */,
				755BA4BB2A251B3F00AA3759 /* Home */,
			);
			path = View;
			sourceTree = "<group>";
		};
		755BA4B92A251A3500AA3759 /* Util */ = {
			isa = PBXGroup;
			children = (
				75C219E72A25FC4800EC712F /* UIButtonExtension.swift */,
			);
			path = Util;
			sourceTree = "<group>";
		};
		755BA4BA2A251A5C00AA3759 /* Launch */ = {
			isa = PBXGroup;
			children = (
				755BA4542A250AF500AA3759 /* LaunchScreen.storyboard */,
			);
			path = Launch;
			sourceTree = "<group>";
		};
		755BA4BB2A251B3F00AA3759 /* Home */ = {
			isa = PBXGroup;
			children = (
				755BA4BE2A251B7B00AA3759 /* HomeViewController.xib */,
			);
			path = Home;
			sourceTree = "<group>";
		};
		755BA4BC2A251B5100AA3759 /* Home */ = {
			isa = PBXGroup;
			children = (
				755BA4BD2A251B7B00AA3759 /* HomeViewController.swift */,
			);
			path = Home;
			sourceTree = "<group>";
		};
/* End PBXGroup section */

/* Begin PBXNativeTarget section */
		755BA4452A250AF400AA3759 /* IOSCalculator */ = {
			isa = PBXNativeTarget;
			buildConfigurationList = 755BA4702A250AF500AA3759 /* Build configuration list for PBXNativeTarget "IOSCalculator" */;
			buildPhases = (
				755BA4422A250AF400AA3759 /* Sources */,
				755BA4432A250AF400AA3759 /* Frameworks */,
				755BA4442A250AF400AA3759 /* Resources */,
			);
			buildRules = (
			);
			dependencies = (
			);
			name = IOSCalculator;
			productName = IOSCalculator;
			productReference = 755BA4462A250AF400AA3759 /* IOSCalculator.app */;
			productType = "com.apple.product-type.application";
		};
		755BA45B2A250AF500AA3759 /* IOSCalculatorTests */ = {
			isa = PBXNativeTarget;
			buildConfigurationList = 755BA4732A250AF500AA3759 /* Build configuration list for PBXNativeTarget "IOSCalculatorTests" */;
			buildPhases = (
				755BA4582A250AF500AA3759 /* Sources */,
				755BA4592A250AF500AA3759 /* Frameworks */,
				755BA45A2A250AF500AA3759 /* Resources */,
			);
			buildRules = (
			);
			dependencies = (
				755BA45E2A250AF500AA3759 /* PBXTargetDependency */,
			);
			name = IOSCalculatorTests;
			productName = IOSCalculatorTests;
			productReference = 755BA45C2A250AF500AA3759 /* IOSCalculatorTests.xctest */;
			productType = "com.apple.product-type.bundle.unit-test";
		};
		755BA4652A250AF500AA3759 /* IOSCalculatorUITests */ = {
			isa = PBXNativeTarget;
			buildConfigurationList = 755BA4762A250AF500AA3759 /* Build configuration list for PBXNativeTarget "IOSCalculatorUITests" */;
			buildPhases = (
				755BA4622A250AF500AA3759 /* Sources */,
				755BA4632A250AF500AA3759 /* Frameworks */,
				755BA4642A250AF500AA3759 /* Resources */,
			);
			buildRules = (
			);
			dependencies = (
				755BA4682A250AF500AA3759 /* PBXTargetDependency */,
			);
			name = IOSCalculatorUITests;
			productName = IOSCalculatorUITests;
			productReference = 755BA4662A250AF500AA3759 /* IOSCalculatorUITests.xctest */;
			productType = "com.apple.product-type.bundle.ui-testing";
		};
/* End PBXNativeTarget section */

/* Begin PBXProject section */
		755BA43E2A250AF400AA3759 /* Project object */ = {
			isa = PBXProject;
			attributes = {
				BuildIndependentTargetsInParallel = 1;
				LastSwiftUpdateCheck = 1430;
				LastUpgradeCheck = 1430;
				TargetAttributes = {
					755BA4452A250AF400AA3759 = {
						CreatedOnToolsVersion = 14.3;
					};
					755BA45B2A250AF500AA3759 = {
						CreatedOnToolsVersion = 14.3;
						TestTargetID = 755BA4452A250AF400AA3759;
					};
					755BA4652A250AF500AA3759 = {
						CreatedOnToolsVersion = 14.3;
						TestTargetID = 755BA4452A250AF400AA3759;
					};
				};
			};
			buildConfigurationList = 755BA4412A250AF400AA3759 /* Build configuration list for PBXProject "IOSCalculator" */;
			compatibilityVersion = "Xcode 14.0";
			developmentRegion = en;
			hasScannedForEncodings = 0;
			knownRegions = (
				en,
				Base,
			);
			mainGroup = 755BA43D2A250AF400AA3759;
			productRefGroup = 755BA4472A250AF400AA3759 /* Products */;
			projectDirPath = "";
			projectRoot = "";
			targets = (
				755BA4452A250AF400AA3759 /* IOSCalculator */,
				755BA45B2A250AF500AA3759 /* IOSCalculatorTests */,
				755BA4652A250AF500AA3759 /* IOSCalculatorUITests */,
			);
		};
/* End PBXProject section */

/* Begin PBXResourcesBuildPhase section */
		755BA4442A250AF400AA3759 /* Resources */ = {
			isa = PBXResourcesBuildPhase;
			buildActionMask = 2147483647;
			files = (
				755BA4562A250AF500AA3759 /* LaunchScreen.storyboard in Resources */,
				755BA4532A250AF500AA3759 /* Assets.xcassets in Resources */,
				755BA4C02A251B7B00AA3759 /* HomeViewController.xib in Resources */,
			);
			runOnlyForDeploymentPostprocessing = 0;
		};
		755BA45A2A250AF500AA3759 /* Resources */ = {
			isa = PBXResourcesBuildPhase;
			buildActionMask = 2147483647;
			files = (
			);
			runOnlyForDeploymentPostprocessing = 0;
		};
		755BA4642A250AF500AA3759 /* Resources */ = {
			isa = PBXResourcesBuildPhase;
			buildActionMask = 2147483647;
			files = (
			);
			runOnlyForDeploymentPostprocessing = 0;
		};
/* End PBXResourcesBuildPhase section */

/* Begin PBXSourcesBuildPhase section */
		755BA4422A250AF400AA3759 /* Sources */ = {
			isa = PBXSourcesBuildPhase;
			buildActionMask = 2147483647;
			files = (
				755BA44A2A250AF400AA3759 /* AppDelegate.swift in Sources */,
				755BA4BF2A251B7B00AA3759 /* HomeViewController.swift in Sources */,
				75C219E82A25FC4800EC712F /* UIButtonExtension.swift in Sources */,
			);
			runOnlyForDeploymentPostprocessing = 0;
		};
		755BA4582A250AF500AA3759 /* Sources */ = {
			isa = PBXSourcesBuildPhase;
			buildActionMask = 2147483647;
			files = (
				755BA4612A250AF500AA3759 /* IOSCalculatorTests.swift in Sources */,
			);
			runOnlyForDeploymentPostprocessing = 0;
		};
		755BA4622A250AF500AA3759 /* Sources */ = {
			isa = PBXSourcesBuildPhase;
			buildActionMask = 2147483647;
			files = (
				755BA46D2A250AF500AA3759 /* IOSCalculatorUITestsLaunchTests.swift in Sources */,
				755BA46B2A250AF500AA3759 /* IOSCalculatorUITests.swift in Sources */,
			);
			runOnlyForDeploymentPostprocessing = 0;
		};
/* End PBXSourcesBuildPhase section */

/* Begin PBXTargetDependency section */
		755BA45E2A250AF500AA3759 /* PBXTargetDependency */ = {
			isa = PBXTargetDependency;
			target = 755BA4452A250AF400AA3759 /* IOSCalculator */;
			targetProxy = 755BA45D2A250AF500AA3759 /* PBXContainerItemProxy */;
		};
		755BA4682A250AF500AA3759 /* PBXTargetDependency */ = {
			isa = PBXTargetDependency;
			target = 755BA4452A250AF400AA3759 /* IOSCalculator */;
			targetProxy = 755BA4672A250AF500AA3759 /* PBXContainerItemProxy */;
		};
/* End PBXTargetDependency section */

/* Begin PBXVariantGroup section */
		755BA4542A250AF500AA3759 /* LaunchScreen.storyboard */ = {
			isa = PBXVariantGroup;
			children = (
				755BA4552A250AF500AA3759 /* Base */,
			);
			name = LaunchScreen.storyboard;
			sourceTree = "<group>";
		};
/* End PBXVariantGroup section */

/* Begin XCBuildConfiguration section */
		755BA46E2A250AF500AA3759 /* Debug */ = {
			isa = XCBuildConfiguration;
			buildSettings = {
				ALWAYS_SEARCH_USER_PATHS = NO;
				CLANG_ANALYZER_NONNULL = YES;
				CLANG_ANALYZER_NUMBER_OBJECT_CONVERSION = YES_AGGRESSIVE;
				CLANG_CXX_LANGUAGE_STANDARD = "gnu++20";
				CLANG_ENABLE_MODULES = YES;
				CLANG_ENABLE_OBJC_ARC = YES;
				CLANG_ENABLE_OBJC_WEAK = YES;
				CLANG_WARN_BLOCK_CAPTURE_AUTORELEASING = YES;
				CLANG_WARN_BOOL_CONVERSION = YES;
				CLANG_WARN_COMMA = YES;
				CLANG_WARN_CONSTANT_CONVERSION = YES;
				CLANG_WARN_DEPRECATED_OBJC_IMPLEMENTATIONS = YES;
				CLANG_WARN_DIRECT_OBJC_ISA_USAGE = YES_ERROR;
				CLANG_WARN_DOCUMENTATION_COMMENTS = YES;
				CLANG_WARN_EMPTY_BODY = YES;
				CLANG_WARN_ENUM_CONVERSION = YES;
				CLANG_WARN_INFINITE_RECURSION = YES;
				CLANG_WARN_INT_CONVERSION = YES;
				CLANG_WARN_NON_LITERAL_NULL_CONVERSION = YES;
				CLANG_WARN_OBJC_IMPLICIT_RETAIN_SELF = YES;
				CLANG_WARN_OBJC_LITERAL_CONVERSION = YES;
				CLANG_WARN_OBJC_ROOT_CLASS = YES_ERROR;
				CLANG_WARN_QUOTED_INCLUDE_IN_FRAMEWORK_HEADER = YES;
				CLANG_WARN_RANGE_LOOP_ANALYSIS = YES;
				CLANG_WARN_STRICT_PROTOTYPES = YES;
				CLANG_WARN_SUSPICIOUS_MOVE = YES;
				CLANG_WARN_UNGUARDED_AVAILABILITY = YES_AGGRESSIVE;
				CLANG_WARN_UNREACHABLE_CODE = YES;
				CLANG_WARN__DUPLICATE_METHOD_MATCH = YES;
				COPY_PHASE_STRIP = NO;
				DEBUG_INFORMATION_FORMAT = dwarf;
				ENABLE_STRICT_OBJC_MSGSEND = YES;
				ENABLE_TESTABILITY = YES;
				GCC_C_LANGUAGE_STANDARD = gnu11;
				GCC_DYNAMIC_NO_PIC = NO;
				GCC_NO_COMMON_BLOCKS = YES;
				GCC_OPTIMIZATION_LEVEL = 0;
				GCC_PREPROCESSOR_DEFINITIONS = (
					"DEBUG=1",
					"$(inherited)",
				);
				GCC_WARN_64_TO_32_BIT_CONVERSION = YES;
				GCC_WARN_ABOUT_RETURN_TYPE = YES_ERROR;
				GCC_WARN_UNDECLARED_SELECTOR = YES;
				GCC_WARN_UNINITIALIZED_AUTOS = YES_AGGRESSIVE;
				GCC_WARN_UNUSED_FUNCTION = YES;
				GCC_WARN_UNUSED_VARIABLE = YES;
				INFOPLIST_FILE = "IOSCalculator/Supporting Files/Info.plist";
				IPHONEOS_DEPLOYMENT_TARGET = 11.0;
				MTL_ENABLE_DEBUG_INFO = INCLUDE_SOURCE;
				MTL_FAST_MATH = YES;
				ONLY_ACTIVE_ARCH = YES;
				SDKROOT = iphoneos;
				SWIFT_ACTIVE_COMPILATION_CONDITIONS = DEBUG;
				SWIFT_OPTIMIZATION_LEVEL = "-Onone";
			};
			name = Debug;
		};
		755BA46F2A250AF500AA3759 /* Release */ = {
			isa = XCBuildConfiguration;
			buildSettings = {
				ALWAYS_SEARCH_USER_PATHS = NO;
				CLANG_ANALYZER_NONNULL = YES;
				CLANG_ANALYZER_NUMBER_OBJECT_CONVERSION = YES_AGGRESSIVE;
				CLANG_CXX_LANGUAGE_STANDARD = "gnu++20";
				CLANG_ENABLE_MODULES = YES;
				CLANG_ENABLE_OBJC_ARC = YES;
				CLANG_ENABLE_OBJC_WEAK = YES;
				CLANG_WARN_BLOCK_CAPTURE_AUTORELEASING = YES;
				CLANG_WARN_BOOL_CONVERSION = YES;
				CLANG_WARN_COMMA = YES;
				CLANG_WARN_CONSTANT_CONVERSION = YES;
				CLANG_WARN_DEPRECATED_OBJC_IMPLEMENTATIONS = YES;
				CLANG_WARN_DIRECT_OBJC_ISA_USAGE = YES_ERROR;
				CLANG_WARN_DOCUMENTATION_COMMENTS = YES;
				CLANG_WARN_EMPTY_BODY = YES;
				CLANG_WARN_ENUM_CONVERSION = YES;
				CLANG_WARN_INFINITE_RECURSION = YES;
				CLANG_WARN_INT_CONVERSION = YES;
				CLANG_WARN_NON_LITERAL_NULL_CONVERSION = YES;
				CLANG_WARN_OBJC_IMPLICIT_RETAIN_SELF = YES;
				CLANG_WARN_OBJC_LITERAL_CONVERSION = YES;
				CLANG_WARN_OBJC_ROOT_CLASS = YES_ERROR;
				CLANG_WARN_QUOTED_INCLUDE_IN_FRAMEWORK_HEADER = YES;
				CLANG_WARN_RANGE_LOOP_ANALYSIS = YES;
				CLANG_WARN_STRICT_PROTOTYPES = YES;
				CLANG_WARN_SUSPICIOUS_MOVE = YES;
				CLANG_WARN_UNGUARDED_AVAILABILITY = YES_AGGRESSIVE;
				CLANG_WARN_UNREACHABLE_CODE = YES;
				CLANG_WARN__DUPLICATE_METHOD_MATCH = YES;
				COPY_PHASE_STRIP = NO;
				DEBUG_INFORMATION_FORMAT = "dwarf-with-dsym";
				ENABLE_NS_ASSERTIONS = NO;
				ENABLE_STRICT_OBJC_MSGSEND = YES;
				GCC_C_LANGUAGE_STANDARD = gnu11;
				GCC_NO_COMMON_BLOCKS = YES;
				GCC_WARN_64_TO_32_BIT_CONVERSION = YES;
				GCC_WARN_ABOUT_RETURN_TYPE = YES_ERROR;
				GCC_WARN_UNDECLARED_SELECTOR = YES;
				GCC_WARN_UNINITIALIZED_AUTOS = YES_AGGRESSIVE;
				GCC_WARN_UNUSED_FUNCTION = YES;
				GCC_WARN_UNUSED_VARIABLE = YES;
				INFOPLIST_FILE = "IOSCalculator/Supporting Files/Info.plist";
				IPHONEOS_DEPLOYMENT_TARGET = 11.0;
				MTL_ENABLE_DEBUG_INFO = NO;
				MTL_FAST_MATH = YES;
				SDKROOT = iphoneos;
				SWIFT_COMPILATION_MODE = wholemodule;
				SWIFT_OPTIMIZATION_LEVEL = "-O";
				VALIDATE_PRODUCT = YES;
			};
			name = Release;
		};
		755BA4712A250AF500AA3759 /* Debug */ = {
			isa = XCBuildConfiguration;
			buildSettings = {
				ASSETCATALOG_COMPILER_APPICON_NAME = AppIcon;
				ASSETCATALOG_COMPILER_GLOBAL_ACCENT_COLOR_NAME = AccentColor;
				CODE_SIGN_STYLE = Automatic;
				CURRENT_PROJECT_VERSION = 1;
				DEVELOPMENT_TEAM = QKXUJ9425T;
				GENERATE_INFOPLIST_FILE = YES;
				INFOPLIST_FILE = IOSCalculator/Info.plist;
				INFOPLIST_KEY_CFBundleDisplayName = "IOS Calculator";
				INFOPLIST_KEY_UIApplicationSupportsIndirectInputEvents = YES;
				INFOPLIST_KEY_UILaunchStoryboardName = LaunchScreen.storyboard;
				INFOPLIST_KEY_UIMainStoryboardFile = "";
				INFOPLIST_KEY_UIRequiresFullScreen = YES;
				INFOPLIST_KEY_UIStatusBarStyle = UIStatusBarStyleDarkContent;
				INFOPLIST_KEY_UISupportedInterfaceOrientations_iPad = "UIInterfaceOrientationPortrait UIInterfaceOrientationPortraitUpsideDown UIInterfaceOrientationLandscapeLeft UIInterfaceOrientationLandscapeRight";
				INFOPLIST_KEY_UISupportedInterfaceOrientations_iPhone = "UIInterfaceOrientationPortrait UIInterfaceOrientationLandscapeLeft UIInterfaceOrientationLandscapeRight";
				LD_RUNPATH_SEARCH_PATHS = (
					"$(inherited)",
					"@executable_path/Frameworks",
				);
				MARKETING_VERSION = 1.0;
				PRODUCT_BUNDLE_IDENTIFIER = com.Swift.IOSCalculator;
				PRODUCT_NAME = "$(TARGET_NAME)";
				SWIFT_EMIT_LOC_STRINGS = YES;
				SWIFT_VERSION = 5.0;
				TARGETED_DEVICE_FAMILY = "1,2";
			};
			name = Debug;
		};
		755BA4722A250AF500AA3759 /* Release */ = {
			isa = XCBuildConfiguration;
			buildSettings = {
				ASSETCATALOG_COMPILER_APPICON_NAME = AppIcon;
				ASSETCATALOG_COMPILER_GLOBAL_ACCENT_COLOR_NAME = AccentColor;
				CODE_SIGN_STYLE = Automatic;
				CURRENT_PROJECT_VERSION = 1;
				DEVELOPMENT_TEAM = QKXUJ9425T;
				GENERATE_INFOPLIST_FILE = YES;
				INFOPLIST_FILE = IOSCalculator/Info.plist;
				INFOPLIST_KEY_CFBundleDisplayName = "IOS Calculator";
				INFOPLIST_KEY_UIApplicationSupportsIndirectInputEvents = YES;
				INFOPLIST_KEY_UILaunchStoryboardName = LaunchScreen.storyboard;
				INFOPLIST_KEY_UIMainStoryboardFile = "";
				INFOPLIST_KEY_UIRequiresFullScreen = YES;
				INFOPLIST_KEY_UIStatusBarStyle = UIStatusBarStyleDarkContent;
				INFOPLIST_KEY_UISupportedInterfaceOrientations_iPad = "UIInterfaceOrientationPortrait UIInterfaceOrientationPortraitUpsideDown UIInterfaceOrientationLandscapeLeft UIInterfaceOrientationLandscapeRight";
				INFOPLIST_KEY_UISupportedInterfaceOrientations_iPhone = "UIInterfaceOrientationPortrait UIInterfaceOrientationLandscapeLeft UIInterfaceOrientationLandscapeRight";
				LD_RUNPATH_SEARCH_PATHS = (
					"$(inherited)",
					"@executable_path/Frameworks",
				);
				MARKETING_VERSION = 1.0;
				PRODUCT_BUNDLE_IDENTIFIER = com.Swift.IOSCalculator;
				PRODUCT_NAME = "$(TARGET_NAME)";
				SWIFT_EMIT_LOC_STRINGS = YES;
				SWIFT_VERSION = 5.0;
				TARGETED_DEVICE_FAMILY = "1,2";
			};
			name = Release;
		};
		755BA4742A250AF500AA3759 /* Debug */ = {
			isa = XCBuildConfiguration;
			buildSettings = {
				ALWAYS_EMBED_SWIFT_STANDARD_LIBRARIES = YES;
				BUNDLE_LOADER = "$(TEST_HOST)";
				CODE_SIGN_STYLE = Automatic;
				CURRENT_PROJECT_VERSION = 1;
				DEVELOPMENT_TEAM = QKXUJ9425T;
				GENERATE_INFOPLIST_FILE = YES;
				IPHONEOS_DEPLOYMENT_TARGET = 16.4;
				MARKETING_VERSION = 1.0;
				PRODUCT_BUNDLE_IDENTIFIER = com.Swift.IOSCalculatorTests;
				PRODUCT_NAME = "$(TARGET_NAME)";
				SWIFT_EMIT_LOC_STRINGS = NO;
				SWIFT_VERSION = 5.0;
				TARGETED_DEVICE_FAMILY = "1,2";
				TEST_HOST = "$(BUILT_PRODUCTS_DIR)/IOSCalculator.app/$(BUNDLE_EXECUTABLE_FOLDER_PATH)/IOSCalculator";
			};
			name = Debug;
		};
		755BA4752A250AF500AA3759 /* Release */ = {
			isa = XCBuildConfiguration;
			buildSettings = {
				ALWAYS_EMBED_SWIFT_STANDARD_LIBRARIES = YES;
				BUNDLE_LOADER = "$(TEST_HOST)";
				CODE_SIGN_STYLE = Automatic;
				CURRENT_PROJECT_VERSION = 1;
				DEVELOPMENT_TEAM = QKXUJ9425T;
				GENERATE_INFOPLIST_FILE = YES;
				IPHONEOS_DEPLOYMENT_TARGET = 16.4;
				MARKETING_VERSION = 1.0;
				PRODUCT_BUNDLE_IDENTIFIER = com.Swift.IOSCalculatorTests;
				PRODUCT_NAME = "$(TARGET_NAME)";
				SWIFT_EMIT_LOC_STRINGS = NO;
				SWIFT_VERSION = 5.0;
				TARGETED_DEVICE_FAMILY = "1,2";
				TEST_HOST = "$(BUILT_PRODUCTS_DIR)/IOSCalculator.app/$(BUNDLE_EXECUTABLE_FOLDER_PATH)/IOSCalculator";
			};
			name = Release;
		};
		755BA4772A250AF500AA3759 /* Debug */ = {
			isa = XCBuildConfiguration;
			buildSettings = {
				ALWAYS_EMBED_SWIFT_STANDARD_LIBRARIES = YES;
				CODE_SIGN_STYLE = Automatic;
				CURRENT_PROJECT_VERSION = 1;
				DEVELOPMENT_TEAM = QKXUJ9425T;
				GENERATE_INFOPLIST_FILE = YES;
				MARKETING_VERSION = 1.0;
				PRODUCT_BUNDLE_IDENTIFIER = com.Swift.IOSCalculatorUITests;
				PRODUCT_NAME = "$(TARGET_NAME)";
				SWIFT_EMIT_LOC_STRINGS = NO;
				SWIFT_VERSION = 5.0;
				TARGETED_DEVICE_FAMILY = "1,2";
				TEST_TARGET_NAME = IOSCalculator;
			};
			name = Debug;
		};
		755BA4782A250AF500AA3759 /* Release */ = {
			isa = XCBuildConfiguration;
			buildSettings = {
				ALWAYS_EMBED_SWIFT_STANDARD_LIBRARIES = YES;
				CODE_SIGN_STYLE = Automatic;
				CURRENT_PROJECT_VERSION = 1;
				DEVELOPMENT_TEAM = QKXUJ9425T;
				GENERATE_INFOPLIST_FILE = YES;
				MARKETING_VERSION = 1.0;
				PRODUCT_BUNDLE_IDENTIFIER = com.Swift.IOSCalculatorUITests;
				PRODUCT_NAME = "$(TARGET_NAME)";
				SWIFT_EMIT_LOC_STRINGS = NO;
				SWIFT_VERSION = 5.0;
				TARGETED_DEVICE_FAMILY = "1,2";
				TEST_TARGET_NAME = IOSCalculator;
			};
			name = Release;
		};
/* End XCBuildConfiguration section */

/* Begin XCConfigurationList section */
		755BA4412A250AF400AA3759 /* Build configuration list for PBXProject "IOSCalculator" */ = {
			isa = XCConfigurationList;
			buildConfigurations = (
				755BA46E2A250AF500AA3759 /* Debug */,
				755BA46F2A250AF500AA3759 /* Release */,
			);
			defaultConfigurationIsVisible = 0;
			defaultConfigurationName = Release;
		};
		755BA4702A250AF500AA3759 /* Build configuration list for PBXNativeTarget "IOSCalculator" */ = {
			isa = XCConfigurationList;
			buildConfigurations = (
				755BA4712A250AF500AA3759 /* Debug */,
				755BA4722A250AF500AA3759 /* Release */,
			);
			defaultConfigurationIsVisible = 0;
			defaultConfigurationName = Release;
		};
		755BA4732A250AF500AA3759 /* Build configuration list for PBXNativeTarget "IOSCalculatorTests" */ = {
			isa = XCConfigurationList;
			buildConfigurations = (
				755BA4742A250AF500AA3759 /* Debug */,
				755BA4752A250AF500AA3759 /* Release */,
			);
			defaultConfigurationIsVisible = 0;
			defaultConfigurationName = Release;
		};
		755BA4762A250AF500AA3759 /* Build configuration list for PBXNativeTarget "IOSCalculatorUITests" */ = {
			isa = XCConfigurationList;
			buildConfigurations = (
				755BA4772A250AF500AA3759 /* Debug */,
				755BA4782A250AF500AA3759 /* Release */,
			);
			defaultConfigurationIsVisible = 0;
			defaultConfigurationName = Release;
		};
/* End XCConfigurationList section */
	};
	rootObject = 755BA43E2A250AF400AA3759 /* Project object */;
}
